
Microsoft Visual Studio Solution File, Format Version 12.00
# Visual Studio 2013
VisualStudioVersion = 12.0.21005.1
MinimumVisualStudioVersion = 10.0.40219.1
Project("{FAE04EC0-301F-11D3-BF4B-00C04F79EFBC}") = "透明加密在线解密工具", "透明加密在线解密工具\透明加密在线解密工具.csproj", "{1F4DD7EA-C05F-40C9-93EC-32037EA6E5F7}"
EndProject
Global
	GlobalSection(SolutionConfigurationPlatforms) = preSolution
		Debug|Any CPU = Debug|Any CPU
		Release|Any CPU = Release|Any CPU
	EndGlobalSection
	GlobalSection(ProjectConfigurationPlatforms) = postSolution
		{1F4DD7EA-C05F-40C9-93EC-32037EA6E5F7}.Debug|Any CPU.ActiveCfg = Debug|Any CPU
		{1F4DD7EA-C05F-40C9-93EC-32037EA6E5F7}.Debug|Any CPU.Build.0 = Debug|Any CPU
		{1F4DD7EA-C05F-40C9-93EC-32037EA6E5F7}.Release|Any CPU.ActiveCfg = Release|Any CPU
		{1F4DD7EA-C05F-40C9-93EC-32037EA6E5F7}.Release|Any CPU.Build.0 = Release|Any CPU
	EndGlobalSection
	GlobalSection(SolutionProperties) = preSolution
		HideSolutionNode = FALSE
	EndGlobalSection
EndGlobal
